<?xml version="1.0" encoding="UTF-8" standalone="yes" ?>
<CodeBlocks_project_file>
	<FileVersion major="1" minor="6" />
	<Project>
		<Option title="Game_funny" />
		<Option pch_mode="2" />
		<Option compiler="gcc" />
		<Build>
			<Target title="Debug">
				<Option output="bin/Debug/Game_funny" prefix_auto="1" extension_auto="1" />
				<Option object_output="obj/Debug/" />
				<Option type="1" />
				<Option compiler="gcc" />
				<Compiler>
					<Add option="-g" />
				</Compiler>
			</Target>
			<Target title="Release">
				<Option output="bin/Release/Game_funny" prefix_auto="1" extension_auto="1" />
				<Option object_output="obj/Release/" />
				<Option type="1" />
				<Option compiler="gcc" />
				<Compiler>
					<Add option="-O2" />
				</Compiler>
				<Linker>
					<Add option="-s" />
				</Linker>
			</Target>
		</Build>
		<Compiler>
			<Add option="-Wall" />
		</Compiler>
		<Unit filename="check_collision.cpp" />
		<Unit filename="check_collision.h" />
		<Unit filename="dragon.cpp" />
		<Unit filename="dragon.h" />
		<Unit filename="figure.cpp" />
		<Unit filename="figure.h" />
		<Unit filename="header.h" />
		<Unit filename="ice.cpp" />
		<Unit filename="ice.h" />
		<Unit filename="init_and_close.cpp" />
		<Unit filename="init_and_close.h" />
		<Unit filename="load_camera.cpp" />
		<Unit filename="load_camera.h" />
		<Unit filename="load_maze.cpp" />
		<Unit filename="load_maze.h" />
		<Unit filename="load_mouse.cpp" />
		<Unit filename="load_mouse.h" />
		<Unit filename="load_texture.cpp" />
		<Unit filename="load_texture.h" />
		<Unit filename="main.cpp" />
		<Extensions>
			<lib_finder disable_auto="1" />
		</Extensions>
	</Project>
</CodeBlocks_project_file>
